
Microsoft Visual Studio Solution File, Format Version 12.00
# Visual Studio 14
VisualStudioVersion = 14.0.23107.0
MinimumVisualStudioVersion = 10.0.40219.1
Project("{FAE04EC0-301F-11D3-BF4B-00C04F79EFBC}") = "006_VarArrays", "Arrays4\006_VarArrays.csproj", "{8BFFB28A-3AE0-462E-94D3-47625686F1E1}"
EndProject
Project("{FAE04EC0-301F-11D3-BF4B-00C04F79EFBC}") = "005_ClassArray", "Arrays5\005_ClassArray.csproj", "{7388D6FA-3EA0-4289-A034-F009EDCCD5EB}"
EndProject
Project("{FAE04EC0-301F-11D3-BF4B-00C04F79EFBC}") = "007_Covariant", "Arrays6\007_Covariant.csproj", "{D1959003-9740-45B7-9DD5-A03CE9C8ACCC}"
EndProject
Project("{FAE04EC0-301F-11D3-BF4B-00C04F79EFBC}") = "008_Params", "Arrays7\008_Params.csproj", "{62416437-4AA3-4EFA-A928-99886DDABC3B}"
EndProject
Project("{FAE04EC0-301F-11D3-BF4B-00C04F79EFBC}") = "009_Params", "Arrays8\009_Params.csproj", "{EA29679B-07EC-4E47-8338-B8CFBB106399}"
EndProject
Global
	GlobalSection(SolutionConfigurationPlatforms) = preSolution
		Debug|x86 = Debug|x86
		Release|x86 = Release|x86
	EndGlobalSection
	GlobalSection(ProjectConfigurationPlatforms) = postSolution
		{8BFFB28A-3AE0-462E-94D3-47625686F1E1}.Debug|x86.ActiveCfg = Debug|x86
		{8BFFB28A-3AE0-462E-94D3-47625686F1E1}.Debug|x86.Build.0 = Debug|x86
		{8BFFB28A-3AE0-462E-94D3-47625686F1E1}.Release|x86.ActiveCfg = Release|x86
		{8BFFB28A-3AE0-462E-94D3-47625686F1E1}.Release|x86.Build.0 = Release|x86
		{7388D6FA-3EA0-4289-A034-F009EDCCD5EB}.Debug|x86.ActiveCfg = Debug|x86
		{7388D6FA-3EA0-4289-A034-F009EDCCD5EB}.Debug|x86.Build.0 = Debug|x86
		{7388D6FA-3EA0-4289-A034-F009EDCCD5EB}.Release|x86.ActiveCfg = Release|x86
		{7388D6FA-3EA0-4289-A034-F009EDCCD5EB}.Release|x86.Build.0 = Release|x86
		{D1959003-9740-45B7-9DD5-A03CE9C8ACCC}.Debug|x86.ActiveCfg = Debug|x86
		{D1959003-9740-45B7-9DD5-A03CE9C8ACCC}.Debug|x86.Build.0 = Debug|x86
		{D1959003-9740-45B7-9DD5-A03CE9C8ACCC}.Release|x86.ActiveCfg = Release|x86
		{D1959003-9740-45B7-9DD5-A03CE9C8ACCC}.Release|x86.Build.0 = Release|x86
		{62416437-4AA3-4EFA-A928-99886DDABC3B}.Debug|x86.ActiveCfg = Debug|x86
		{62416437-4AA3-4EFA-A928-99886DDABC3B}.Debug|x86.Build.0 = Debug|x86
		{62416437-4AA3-4EFA-A928-99886DDABC3B}.Release|x86.ActiveCfg = Release|x86
		{62416437-4AA3-4EFA-A928-99886DDABC3B}.Release|x86.Build.0 = Release|x86
		{EA29679B-07EC-4E47-8338-B8CFBB106399}.Debug|x86.ActiveCfg = Debug|x86
		{EA29679B-07EC-4E47-8338-B8CFBB106399}.Debug|x86.Build.0 = Debug|x86
		{EA29679B-07EC-4E47-8338-B8CFBB106399}.Release|x86.ActiveCfg = Release|x86
		{EA29679B-07EC-4E47-8338-B8CFBB106399}.Release|x86.Build.0 = Release|x86
	EndGlobalSection
	GlobalSection(SolutionProperties) = preSolution
		HideSolutionNode = FALSE
	EndGlobalSection
EndGlobal
