
Microsoft Visual Studio Solution File, Format Version 12.00
# Visual Studio Version 16
VisualStudioVersion = 16.0.29215.179
MinimumVisualStudioVersion = 10.0.40219.1
Project("{FAE04EC0-301F-11D3-BF4B-00C04F79EFBC}") = "Lab_1", "Lab_1\Lab_1.csproj", "{22C330A4-03E6-4F72-B989-2BF08F4174A9}"
EndProject
Project("{FAE04EC0-301F-11D3-BF4B-00C04F79EFBC}") = "Lab_2", "Lab_2\Lab_2.csproj", "{035D87E4-9678-4CC7-ABB5-7E3950289CB4}"
EndProject
Project("{FAE04EC0-301F-11D3-BF4B-00C04F79EFBC}") = "Lab_3", "Lab_3\Lab_3.csproj", "{00FB12DB-383D-49D2-9381-6297EA87F814}"
EndProject
Project("{FAE04EC0-301F-11D3-BF4B-00C04F79EFBC}") = "Lab_4", "Lab_4\Lab_4.csproj", "{514F64E5-7014-486B-943D-7434F8B5E1E2}"
EndProject
Project("{FAE04EC0-301F-11D3-BF4B-00C04F79EFBC}") = "Lab_5", "Lab_5\Lab_5.csproj", "{B655040A-DC33-49F9-B7A1-B499997D4E43}"
EndProject
Project("{FAE04EC0-301F-11D3-BF4B-00C04F79EFBC}") = "Lab_6", "Lab_6\Lab_6.csproj", "{83CA902B-9F69-450A-8318-A87B0864018C}"
EndProject
Project("{FAE04EC0-301F-11D3-BF4B-00C04F79EFBC}") = "Lab_7-1", "Lab_7-1\Lab_7-1.csproj", "{19FEC3F4-ACBC-43EF-948D-4FAE67E647D0}"
EndProject
Project("{FAE04EC0-301F-11D3-BF4B-00C04F79EFBC}") = "Lab_7-2", "Lab_7-2\Lab_7-2.csproj", "{8289B15D-A5A1-41DE-A92C-DFCCCC7FC69E}"
EndProject
Project("{FAE04EC0-301F-11D3-BF4B-00C04F79EFBC}") = "Lab_7-3", "Lab_7-3\Lab_7-3.csproj", "{156339C6-5365-4D62-80F2-89F56FA8E57B}"
EndProject
Project("{FAE04EC0-301F-11D3-BF4B-00C04F79EFBC}") = "Lab_7-4", "Lab_7-4\Lab_7-4.csproj", "{DF2AE57A-E748-48AA-9F63-B5652432E64C}"
EndProject
Project("{FAE04EC0-301F-11D3-BF4B-00C04F79EFBC}") = "Lab_3_Dop", "Lab_3_Dop\Lab_3_Dop.csproj", "{231EF196-CB00-4F03-A3D1-11E845DCDF04}"
EndProject
Project("{FAE04EC0-301F-11D3-BF4B-00C04F79EFBC}") = "Testing", "Testing\Testing.csproj", "{FD339B69-21FB-43C2-BC42-16D5BC0F853C}"
EndProject
Project("{FAE04EC0-301F-11D3-BF4B-00C04F79EFBC}") = "Lab_7-5", "Lab_7-5\Lab_7-5.csproj", "{B9B288F9-80D2-4BFB-A50A-06D1589688A7}"
EndProject
Project("{FAE04EC0-301F-11D3-BF4B-00C04F79EFBC}") = "Lab_7-6", "Lab_7-6\Lab_7-6.csproj", "{9EB569D6-DB92-4997-AF10-0CEF220C4832}"
EndProject
Project("{FAE04EC0-301F-11D3-BF4B-00C04F79EFBC}") = "Lab_7-7", "Lab_7-7\Lab_7-7.csproj", "{097A0531-D566-4E69-9632-B5CE67FD51A2}"
EndProject
Project("{FAE04EC0-301F-11D3-BF4B-00C04F79EFBC}") = "Lab_7-8", "Lab_7-8\Lab_7-8.csproj", "{D2942C77-0D01-4A60-BC48-9D515BECFECF}"
EndProject
Project("{FAE04EC0-301F-11D3-BF4B-00C04F79EFBC}") = "Lab_8-1", "Lab_8\Lab_8-1.csproj", "{78F9A070-336E-4B26-AA23-ECC9677FD326}"
EndProject
Project("{FAE04EC0-301F-11D3-BF4B-00C04F79EFBC}") = "Lab_8-2", "Lab_8-2\Lab_8-2.csproj", "{EF0A4FAC-6FF3-46A8-BC15-F05AB73CB97C}"
EndProject
Project("{FAE04EC0-301F-11D3-BF4B-00C04F79EFBC}") = "Lab_9", "Lab_9\Lab_9.csproj", "{82ECC04A-AED8-4D5A-A156-FA911F1F67AF}"
EndProject
Project("{FAE04EC0-301F-11D3-BF4B-00C04F79EFBC}") = "Lab_10", "Lab_10\Lab_10.csproj", "{C0584BCC-000E-42FF-A8AD-A20369FFBB54}"
EndProject
Project("{FAE04EC0-301F-11D3-BF4B-00C04F79EFBC}") = "Lab_11-1", "Lab_11\Lab_11-1.csproj", "{FCC1ADB7-0035-496F-90FF-6A72773556E2}"
EndProject
Project("{FAE04EC0-301F-11D3-BF4B-00C04F79EFBC}") = "Testing_Z", "Testing_Z\Testing_Z.csproj", "{009C590F-D002-40A4-B318-AE30AB9E54BF}"
EndProject
Project("{FAE04EC0-301F-11D3-BF4B-00C04F79EFBC}") = "Lab_PPPI_10_1", "Lab_PPPI_10_1\Lab_PPPI_10_1.csproj", "{47199EFF-E019-406F-8DF5-E0939D482F02}"
EndProject
Project("{FAE04EC0-301F-11D3-BF4B-00C04F79EFBC}") = "Lab_PPPI_10_2", "Lab_PPPI_10_2\Lab_PPPI_10_2.csproj", "{7F51607A-FAA5-451C-8ECE-8456FFFF3805}"
EndProject
Project("{FAE04EC0-301F-11D3-BF4B-00C04F79EFBC}") = "Lab_PPPI_10_3", "Lab_PPPI_10_3\Lab_PPPI_10_3.csproj", "{99603A38-EA9E-4261-91D0-89AE2B49E2D5}"
EndProject
Project("{FAE04EC0-301F-11D3-BF4B-00C04F79EFBC}") = "Lab_11-2", "Lab_11-2\Lab_11-2.csproj", "{E7D4734A-0656-48DE-96D8-DFF7252D34CC}"
EndProject
Project("{FAE04EC0-301F-11D3-BF4B-00C04F79EFBC}") = "Testing_Trans_From_Java", "Testing_Trans_From_Java\Testing_Trans_From_Java.csproj", "{910CB6E5-C874-4145-B3F1-A96237E57858}"
EndProject
Project("{FAE04EC0-301F-11D3-BF4B-00C04F79EFBC}") = "Swap", "Swap\Swap.csproj", "{896DF523-3A8B-44D1-8BC0-69D8D78677C0}"
EndProject
Project("{FAE04EC0-301F-11D3-BF4B-00C04F79EFBC}") = "Lab_2_Sem_2", "Lab_2_Sem_2\Lab_2_Sem_2.csproj", "{A5A2B1B1-1DFA-4D2B-83FB-3B1574C0ED7F}"
EndProject
Project("{FAE04EC0-301F-11D3-BF4B-00C04F79EFBC}") = "Lab_3_Sem_2", "Lab_3_Sem_2\Lab_3_Sem_2.csproj", "{C4C6E5DA-48BD-4512-86D2-BB3B15F8F3B5}"
EndProject
Project("{FAE04EC0-301F-11D3-BF4B-00C04F79EFBC}") = "Lab_1_Sem_2", "Lab_1_Sem_2\Lab_1_Sem_2.csproj", "{80BDBC11-52FD-48E4-828E-241F851A0BEF}"
EndProject
Project("{FAE04EC0-301F-11D3-BF4B-00C04F79EFBC}") = "Lab_4_Sem_2", "Lab_4_Sem_2\Lab_4_Sem_2.csproj", "{8076A072-6E40-4BE6-A82F-30FF29A5F68B}"
EndProject
Project("{FAE04EC0-301F-11D3-BF4B-00C04F79EFBC}") = "Lab4-1_Sem_2", "Lab4-1_Sem_2\Lab4-1_Sem_2.csproj", "{B5A6B2C8-257C-4F98-B3D5-FE8C8B450775}"
EndProject
Global
	GlobalSection(SolutionConfigurationPlatforms) = preSolution
		Debug|Any CPU = Debug|Any CPU
		Release|Any CPU = Release|Any CPU
	EndGlobalSection
	GlobalSection(ProjectConfigurationPlatforms) = postSolution
		{22C330A4-03E6-4F72-B989-2BF08F4174A9}.Debug|Any CPU.ActiveCfg = Debug|Any CPU
		{22C330A4-03E6-4F72-B989-2BF08F4174A9}.Debug|Any CPU.Build.0 = Debug|Any CPU
		{22C330A4-03E6-4F72-B989-2BF08F4174A9}.Release|Any CPU.ActiveCfg = Release|Any CPU
		{22C330A4-03E6-4F72-B989-2BF08F4174A9}.Release|Any CPU.Build.0 = Release|Any CPU
		{035D87E4-9678-4CC7-ABB5-7E3950289CB4}.Debug|Any CPU.ActiveCfg = Debug|Any CPU
		{035D87E4-9678-4CC7-ABB5-7E3950289CB4}.Debug|Any CPU.Build.0 = Debug|Any CPU
		{035D87E4-9678-4CC7-ABB5-7E3950289CB4}.Release|Any CPU.ActiveCfg = Release|Any CPU
		{035D87E4-9678-4CC7-ABB5-7E3950289CB4}.Release|Any CPU.Build.0 = Release|Any CPU
		{00FB12DB-383D-49D2-9381-6297EA87F814}.Debug|Any CPU.ActiveCfg = Debug|Any CPU
		{00FB12DB-383D-49D2-9381-6297EA87F814}.Debug|Any CPU.Build.0 = Debug|Any CPU
		{00FB12DB-383D-49D2-9381-6297EA87F814}.Release|Any CPU.ActiveCfg = Release|Any CPU
		{00FB12DB-383D-49D2-9381-6297EA87F814}.Release|Any CPU.Build.0 = Release|Any CPU
		{514F64E5-7014-486B-943D-7434F8B5E1E2}.Debug|Any CPU.ActiveCfg = Debug|Any CPU
		{514F64E5-7014-486B-943D-7434F8B5E1E2}.Debug|Any CPU.Build.0 = Debug|Any CPU
		{514F64E5-7014-486B-943D-7434F8B5E1E2}.Release|Any CPU.ActiveCfg = Release|Any CPU
		{514F64E5-7014-486B-943D-7434F8B5E1E2}.Release|Any CPU.Build.0 = Release|Any CPU
		{B655040A-DC33-49F9-B7A1-B499997D4E43}.Debug|Any CPU.ActiveCfg = Debug|Any CPU
		{B655040A-DC33-49F9-B7A1-B499997D4E43}.Debug|Any CPU.Build.0 = Debug|Any CPU
		{B655040A-DC33-49F9-B7A1-B499997D4E43}.Release|Any CPU.ActiveCfg = Release|Any CPU
		{B655040A-DC33-49F9-B7A1-B499997D4E43}.Release|Any CPU.Build.0 = Release|Any CPU
		{83CA902B-9F69-450A-8318-A87B0864018C}.Debug|Any CPU.ActiveCfg = Debug|Any CPU
		{83CA902B-9F69-450A-8318-A87B0864018C}.Debug|Any CPU.Build.0 = Debug|Any CPU
		{83CA902B-9F69-450A-8318-A87B0864018C}.Release|Any CPU.ActiveCfg = Release|Any CPU
		{83CA902B-9F69-450A-8318-A87B0864018C}.Release|Any CPU.Build.0 = Release|Any CPU
		{19FEC3F4-ACBC-43EF-948D-4FAE67E647D0}.Debug|Any CPU.ActiveCfg = Debug|Any CPU
		{19FEC3F4-ACBC-43EF-948D-4FAE67E647D0}.Debug|Any CPU.Build.0 = Debug|Any CPU
		{19FEC3F4-ACBC-43EF-948D-4FAE67E647D0}.Release|Any CPU.ActiveCfg = Release|Any CPU
		{19FEC3F4-ACBC-43EF-948D-4FAE67E647D0}.Release|Any CPU.Build.0 = Release|Any CPU
		{8289B15D-A5A1-41DE-A92C-DFCCCC7FC69E}.Debug|Any CPU.ActiveCfg = Debug|Any CPU
		{8289B15D-A5A1-41DE-A92C-DFCCCC7FC69E}.Debug|Any CPU.Build.0 = Debug|Any CPU
		{8289B15D-A5A1-41DE-A92C-DFCCCC7FC69E}.Release|Any CPU.ActiveCfg = Release|Any CPU
		{8289B15D-A5A1-41DE-A92C-DFCCCC7FC69E}.Release|Any CPU.Build.0 = Release|Any CPU
		{156339C6-5365-4D62-80F2-89F56FA8E57B}.Debug|Any CPU.ActiveCfg = Debug|Any CPU
		{156339C6-5365-4D62-80F2-89F56FA8E57B}.Debug|Any CPU.Build.0 = Debug|Any CPU
		{156339C6-5365-4D62-80F2-89F56FA8E57B}.Release|Any CPU.ActiveCfg = Release|Any CPU
		{156339C6-5365-4D62-80F2-89F56FA8E57B}.Release|Any CPU.Build.0 = Release|Any CPU
		{DF2AE57A-E748-48AA-9F63-B5652432E64C}.Debug|Any CPU.ActiveCfg = Debug|Any CPU
		{DF2AE57A-E748-48AA-9F63-B5652432E64C}.Debug|Any CPU.Build.0 = Debug|Any CPU
		{DF2AE57A-E748-48AA-9F63-B5652432E64C}.Release|Any CPU.ActiveCfg = Release|Any CPU
		{DF2AE57A-E748-48AA-9F63-B5652432E64C}.Release|Any CPU.Build.0 = Release|Any CPU
		{231EF196-CB00-4F03-A3D1-11E845DCDF04}.Debug|Any CPU.ActiveCfg = Debug|Any CPU
		{231EF196-CB00-4F03-A3D1-11E845DCDF04}.Debug|Any CPU.Build.0 = Debug|Any CPU
		{231EF196-CB00-4F03-A3D1-11E845DCDF04}.Release|Any CPU.ActiveCfg = Release|Any CPU
		{231EF196-CB00-4F03-A3D1-11E845DCDF04}.Release|Any CPU.Build.0 = Release|Any CPU
		{FD339B69-21FB-43C2-BC42-16D5BC0F853C}.Debug|Any CPU.ActiveCfg = Debug|Any CPU
		{FD339B69-21FB-43C2-BC42-16D5BC0F853C}.Debug|Any CPU.Build.0 = Debug|Any CPU
		{FD339B69-21FB-43C2-BC42-16D5BC0F853C}.Release|Any CPU.ActiveCfg = Release|Any CPU
		{FD339B69-21FB-43C2-BC42-16D5BC0F853C}.Release|Any CPU.Build.0 = Release|Any CPU
		{B9B288F9-80D2-4BFB-A50A-06D1589688A7}.Debug|Any CPU.ActiveCfg = Debug|Any CPU
		{B9B288F9-80D2-4BFB-A50A-06D1589688A7}.Debug|Any CPU.Build.0 = Debug|Any CPU
		{B9B288F9-80D2-4BFB-A50A-06D1589688A7}.Release|Any CPU.ActiveCfg = Release|Any CPU
		{B9B288F9-80D2-4BFB-A50A-06D1589688A7}.Release|Any CPU.Build.0 = Release|Any CPU
		{9EB569D6-DB92-4997-AF10-0CEF220C4832}.Debug|Any CPU.ActiveCfg = Debug|Any CPU
		{9EB569D6-DB92-4997-AF10-0CEF220C4832}.Debug|Any CPU.Build.0 = Debug|Any CPU
		{9EB569D6-DB92-4997-AF10-0CEF220C4832}.Release|Any CPU.ActiveCfg = Release|Any CPU
		{9EB569D6-DB92-4997-AF10-0CEF220C4832}.Release|Any CPU.Build.0 = Release|Any CPU
		{097A0531-D566-4E69-9632-B5CE67FD51A2}.Debug|Any CPU.ActiveCfg = Debug|Any CPU
		{097A0531-D566-4E69-9632-B5CE67FD51A2}.Debug|Any CPU.Build.0 = Debug|Any CPU
		{097A0531-D566-4E69-9632-B5CE67FD51A2}.Release|Any CPU.ActiveCfg = Release|Any CPU
		{097A0531-D566-4E69-9632-B5CE67FD51A2}.Release|Any CPU.Build.0 = Release|Any CPU
		{D2942C77-0D01-4A60-BC48-9D515BECFECF}.Debug|Any CPU.ActiveCfg = Debug|Any CPU
		{D2942C77-0D01-4A60-BC48-9D515BECFECF}.Debug|Any CPU.Build.0 = Debug|Any CPU
		{D2942C77-0D01-4A60-BC48-9D515BECFECF}.Release|Any CPU.ActiveCfg = Release|Any CPU
		{D2942C77-0D01-4A60-BC48-9D515BECFECF}.Release|Any CPU.Build.0 = Release|Any CPU
		{78F9A070-336E-4B26-AA23-ECC9677FD326}.Debug|Any CPU.ActiveCfg = Debug|Any CPU
		{78F9A070-336E-4B26-AA23-ECC9677FD326}.Debug|Any CPU.Build.0 = Debug|Any CPU
		{78F9A070-336E-4B26-AA23-ECC9677FD326}.Release|Any CPU.ActiveCfg = Release|Any CPU
		{78F9A070-336E-4B26-AA23-ECC9677FD326}.Release|Any CPU.Build.0 = Release|Any CPU
		{EF0A4FAC-6FF3-46A8-BC15-F05AB73CB97C}.Debug|Any CPU.ActiveCfg = Debug|Any CPU
		{EF0A4FAC-6FF3-46A8-BC15-F05AB73CB97C}.Debug|Any CPU.Build.0 = Debug|Any CPU
		{EF0A4FAC-6FF3-46A8-BC15-F05AB73CB97C}.Release|Any CPU.ActiveCfg = Release|Any CPU
		{EF0A4FAC-6FF3-46A8-BC15-F05AB73CB97C}.Release|Any CPU.Build.0 = Release|Any CPU
		{82ECC04A-AED8-4D5A-A156-FA911F1F67AF}.Debug|Any CPU.ActiveCfg = Debug|Any CPU
		{82ECC04A-AED8-4D5A-A156-FA911F1F67AF}.Debug|Any CPU.Build.0 = Debug|Any CPU
		{82ECC04A-AED8-4D5A-A156-FA911F1F67AF}.Release|Any CPU.ActiveCfg = Release|Any CPU
		{82ECC04A-AED8-4D5A-A156-FA911F1F67AF}.Release|Any CPU.Build.0 = Release|Any CPU
		{C0584BCC-000E-42FF-A8AD-A20369FFBB54}.Debug|Any CPU.ActiveCfg = Debug|Any CPU
		{C0584BCC-000E-42FF-A8AD-A20369FFBB54}.Debug|Any CPU.Build.0 = Debug|Any CPU
		{C0584BCC-000E-42FF-A8AD-A20369FFBB54}.Release|Any CPU.ActiveCfg = Release|Any CPU
		{C0584BCC-000E-42FF-A8AD-A20369FFBB54}.Release|Any CPU.Build.0 = Release|Any CPU
		{FCC1ADB7-0035-496F-90FF-6A72773556E2}.Debug|Any CPU.ActiveCfg = Debug|Any CPU
		{FCC1ADB7-0035-496F-90FF-6A72773556E2}.Debug|Any CPU.Build.0 = Debug|Any CPU
		{FCC1ADB7-0035-496F-90FF-6A72773556E2}.Release|Any CPU.ActiveCfg = Release|Any CPU
		{FCC1ADB7-0035-496F-90FF-6A72773556E2}.Release|Any CPU.Build.0 = Release|Any CPU
		{009C590F-D002-40A4-B318-AE30AB9E54BF}.Debug|Any CPU.ActiveCfg = Debug|Any CPU
		{009C590F-D002-40A4-B318-AE30AB9E54BF}.Debug|Any CPU.Build.0 = Debug|Any CPU
		{009C590F-D002-40A4-B318-AE30AB9E54BF}.Release|Any CPU.ActiveCfg = Release|Any CPU
		{009C590F-D002-40A4-B318-AE30AB9E54BF}.Release|Any CPU.Build.0 = Release|Any CPU
		{47199EFF-E019-406F-8DF5-E0939D482F02}.Debug|Any CPU.ActiveCfg = Debug|Any CPU
		{47199EFF-E019-406F-8DF5-E0939D482F02}.Debug|Any CPU.Build.0 = Debug|Any CPU
		{47199EFF-E019-406F-8DF5-E0939D482F02}.Release|Any CPU.ActiveCfg = Release|Any CPU
		{47199EFF-E019-406F-8DF5-E0939D482F02}.Release|Any CPU.Build.0 = Release|Any CPU
		{7F51607A-FAA5-451C-8ECE-8456FFFF3805}.Debug|Any CPU.ActiveCfg = Debug|Any CPU
		{7F51607A-FAA5-451C-8ECE-8456FFFF3805}.Debug|Any CPU.Build.0 = Debug|Any CPU
		{7F51607A-FAA5-451C-8ECE-8456FFFF3805}.Release|Any CPU.ActiveCfg = Release|Any CPU
		{7F51607A-FAA5-451C-8ECE-8456FFFF3805}.Release|Any CPU.Build.0 = Release|Any CPU
		{99603A38-EA9E-4261-91D0-89AE2B49E2D5}.Debug|Any CPU.ActiveCfg = Debug|Any CPU
		{99603A38-EA9E-4261-91D0-89AE2B49E2D5}.Debug|Any CPU.Build.0 = Debug|Any CPU
		{99603A38-EA9E-4261-91D0-89AE2B49E2D5}.Release|Any CPU.ActiveCfg = Release|Any CPU
		{99603A38-EA9E-4261-91D0-89AE2B49E2D5}.Release|Any CPU.Build.0 = Release|Any CPU
		{E7D4734A-0656-48DE-96D8-DFF7252D34CC}.Debug|Any CPU.ActiveCfg = Debug|Any CPU
		{E7D4734A-0656-48DE-96D8-DFF7252D34CC}.Debug|Any CPU.Build.0 = Debug|Any CPU
		{E7D4734A-0656-48DE-96D8-DFF7252D34CC}.Release|Any CPU.ActiveCfg = Release|Any CPU
		{E7D4734A-0656-48DE-96D8-DFF7252D34CC}.Release|Any CPU.Build.0 = Release|Any CPU
		{910CB6E5-C874-4145-B3F1-A96237E57858}.Debug|Any CPU.ActiveCfg = Debug|Any CPU
		{910CB6E5-C874-4145-B3F1-A96237E57858}.Debug|Any CPU.Build.0 = Debug|Any CPU
		{910CB6E5-C874-4145-B3F1-A96237E57858}.Release|Any CPU.ActiveCfg = Release|Any CPU
		{910CB6E5-C874-4145-B3F1-A96237E57858}.Release|Any CPU.Build.0 = Release|Any CPU
		{896DF523-3A8B-44D1-8BC0-69D8D78677C0}.Debug|Any CPU.ActiveCfg = Debug|Any CPU
		{896DF523-3A8B-44D1-8BC0-69D8D78677C0}.Debug|Any CPU.Build.0 = Debug|Any CPU
		{896DF523-3A8B-44D1-8BC0-69D8D78677C0}.Release|Any CPU.ActiveCfg = Release|Any CPU
		{896DF523-3A8B-44D1-8BC0-69D8D78677C0}.Release|Any CPU.Build.0 = Release|Any CPU
		{A5A2B1B1-1DFA-4D2B-83FB-3B1574C0ED7F}.Debug|Any CPU.ActiveCfg = Debug|Any CPU
		{A5A2B1B1-1DFA-4D2B-83FB-3B1574C0ED7F}.Debug|Any CPU.Build.0 = Debug|Any CPU
		{A5A2B1B1-1DFA-4D2B-83FB-3B1574C0ED7F}.Release|Any CPU.ActiveCfg = Release|Any CPU
		{A5A2B1B1-1DFA-4D2B-83FB-3B1574C0ED7F}.Release|Any CPU.Build.0 = Release|Any CPU
		{C4C6E5DA-48BD-4512-86D2-BB3B15F8F3B5}.Debug|Any CPU.ActiveCfg = Debug|Any CPU
		{C4C6E5DA-48BD-4512-86D2-BB3B15F8F3B5}.Debug|Any CPU.Build.0 = Debug|Any CPU
		{C4C6E5DA-48BD-4512-86D2-BB3B15F8F3B5}.Release|Any CPU.ActiveCfg = Release|Any CPU
		{C4C6E5DA-48BD-4512-86D2-BB3B15F8F3B5}.Release|Any CPU.Build.0 = Release|Any CPU
		{80BDBC11-52FD-48E4-828E-241F851A0BEF}.Debug|Any CPU.ActiveCfg = Debug|Any CPU
		{80BDBC11-52FD-48E4-828E-241F851A0BEF}.Debug|Any CPU.Build.0 = Debug|Any CPU
		{80BDBC11-52FD-48E4-828E-241F851A0BEF}.Release|Any CPU.ActiveCfg = Release|Any CPU
		{80BDBC11-52FD-48E4-828E-241F851A0BEF}.Release|Any CPU.Build.0 = Release|Any CPU
		{8076A072-6E40-4BE6-A82F-30FF29A5F68B}.Debug|Any CPU.ActiveCfg = Debug|Any CPU
		{8076A072-6E40-4BE6-A82F-30FF29A5F68B}.Debug|Any CPU.Build.0 = Debug|Any CPU
		{8076A072-6E40-4BE6-A82F-30FF29A5F68B}.Release|Any CPU.ActiveCfg = Release|Any CPU
		{8076A072-6E40-4BE6-A82F-30FF29A5F68B}.Release|Any CPU.Build.0 = Release|Any CPU
		{B5A6B2C8-257C-4F98-B3D5-FE8C8B450775}.Debug|Any CPU.ActiveCfg = Debug|Any CPU
		{B5A6B2C8-257C-4F98-B3D5-FE8C8B450775}.Debug|Any CPU.Build.0 = Debug|Any CPU
		{B5A6B2C8-257C-4F98-B3D5-FE8C8B450775}.Release|Any CPU.ActiveCfg = Release|Any CPU
		{B5A6B2C8-257C-4F98-B3D5-FE8C8B450775}.Release|Any CPU.Build.0 = Release|Any CPU
	EndGlobalSection
	GlobalSection(SolutionProperties) = preSolution
		HideSolutionNode = FALSE
	EndGlobalSection
	GlobalSection(ExtensibilityGlobals) = postSolution
		SolutionGuid = {58C96023-7E3C-4158-AEFA-CB1D7759B736}
	EndGlobalSection
EndGlobal
